
Microsoft Visual Studio Solution File, Format Version 12.00
# Visual Studio Version 17
VisualStudioVersion = 17.13.35818.85 d17.13
MinimumVisualStudioVersion = 10.0.40219.1
Project("{FAE04EC0-301F-11D3-BF4B-00C04F79EFBC}") = "Zgoščevalna tabela 2", "Zgoščevalna tabela 2\Zgoščevalna tabela 2.csproj", "{FFF44078-A94D-4C32-A782-DADD19382C38}"
EndProject
Global
	GlobalSection(SolutionConfigurationPlatforms) = preSolution
		Debug|Any CPU = Debug|Any CPU
		Release|Any CPU = Release|Any CPU
	EndGlobalSection
	GlobalSection(ProjectConfigurationPlatforms) = postSolution
		{FFF44078-A94D-4C32-A782-DADD19382C38}.Debug|Any CPU.ActiveCfg = Debug|Any CPU
		{FFF44078-A94D-4C32-A782-DADD19382C38}.Debug|Any CPU.Build.0 = Debug|Any CPU
		{FFF44078-A94D-4C32-A782-DADD19382C38}.Release|Any CPU.ActiveCfg = Release|Any CPU
		{FFF44078-A94D-4C32-A782-DADD19382C38}.Release|Any CPU.Build.0 = Release|Any CPU
	EndGlobalSection
	GlobalSection(SolutionProperties) = preSolution
		HideSolutionNode = FALSE
	EndGlobalSection
	GlobalSection(ExtensibilityGlobals) = postSolution
		SolutionGuid = {20883CF7-DA3D-486D-97DE-1C0704D8152C}
	EndGlobalSection
EndGlobal
